
Microsoft Visual Studio Solution File, Format Version 12.00
# Visual Studio Version 17
VisualStudioVersion = 17.13.35828.75
MinimumVisualStudioVersion = 10.0.40219.1
Project("{FAE04EC0-301F-11D3-BF4B-00C04F79EFBC}") = "WebApi", "Monitor_Job\WebApi.csproj", "{5D0BDB3C-931C-4008-BEC7-9BBE8620FC2E}"
EndProject
Project("{FAE04EC0-301F-11D3-BF4B-00C04F79EFBC}") = "Repository", "Repository\Repository.csproj", "{65AE8301-99AD-4270-8605-B67385EF55F3}"
EndProject
Project("{FAE04EC0-301F-11D3-BF4B-00C04F79EFBC}") = "Utilities", "Utilities\Utilities.csproj", "{3A97F2DA-7824-467F-A78C-4E294D1496C4}"
EndProject
Project("{FAE04EC0-301F-11D3-BF4B-00C04F79EFBC}") = "Services", "Services\Services.csproj", "{97207750-6972-232F-BB7B-6106666106AF}"
EndProject
Project("{2150E333-8FDC-42A3-9474-1A3956D46DE8}") = "1.Interface", "1.Interface", "{02EA681E-C7D8-13C7-8484-4AC65E1B71E8}"
EndProject
Project("{2150E333-8FDC-42A3-9474-1A3956D46DE8}") = "2.Application", "2.Application", "{F1580552-0AE5-41E6-8F78-A734466696B7}"
EndProject
Project("{FAE04EC0-301F-11D3-BF4B-00C04F79EFBC}") = "Models", "Models\Models.csproj", "{FD8F8167-DF45-443E-B772-79A52C4BBB8E}"
EndProject
Project("{2150E333-8FDC-42A3-9474-1A3956D46DE8}") = "3.Domain", "3.Domain", "{A0A04B44-47AC-4813-900B-176CC4CD102A}"
EndProject
Project("{2150E333-8FDC-42A3-9474-1A3956D46DE8}") = "4.Infrastructure", "4.Infrastructure", "{99CA6CFA-E52E-4F79-B111-CEF7B51FE480}"
EndProject
Project("{2150E333-8FDC-42A3-9474-1A3956D46DE8}") = "2.API", "2.API", "{B56DD23F-591D-4BDC-8F82-AE617A9FC705}"
EndProject
Project("{2150E333-8FDC-42A3-9474-1A3956D46DE8}") = "1.HangfireServer", "1.HangfireServer", "{5DF2C4F5-9EE7-4630-9B2F-2CE02D209EA6}"
EndProject
Project("{FAE04EC0-301F-11D3-BF4B-00C04F79EFBC}") = "Hangfire", "Hangfire\Hangfire.csproj", "{2EF08C74-AAE4-4344-B983-A699CE6ABBA9}"
EndProject
Project("{2150E333-8FDC-42A3-9474-1A3956D46DE8}") = "1.Interface", "1.Interface", "{A07FF3C5-C6A0-49A4-8D47-9D127AC35A8C}"
EndProject
Project("{2150E333-8FDC-42A3-9474-1A3956D46DE8}") = "4.infrastructure", "4.infrastructure", "{A3CDAF9C-82F3-48D6-87B5-B660B12152FC}"
EndProject
Project("{FAE04EC0-301F-11D3-BF4B-00C04F79EFBC}") = "Hangfire_Models", "Hangfire_Models\Hangfire_Models.csproj", "{6D629D18-4089-4138-B04C-157A3A055A5D}"
EndProject
Project("{2150E333-8FDC-42A3-9474-1A3956D46DE8}") = "3.Domain", "3.Domain", "{F9CE5D3B-9CED-400F-9F7C-97D69CBAD033}"
EndProject
Project("{FAE04EC0-301F-11D3-BF4B-00C04F79EFBC}") = "Hangfire_Repository", "Hangfire_Repository\Hangfire_Repository.csproj", "{723CC3EC-9F75-49D5-BF62-9239F482FB08}"
EndProject
Project("{2150E333-8FDC-42A3-9474-1A3956D46DE8}") = "2.Application", "2.Application", "{01119594-408F-45D1-9873-2E75D09ADEEB}"
EndProject
Project("{FAE04EC0-301F-11D3-BF4B-00C04F79EFBC}") = "Hangfire_Servies", "Hangfire_Servies\Hangfire_Servies.csproj", "{F26A11E0-EE8B-44BC-87C6-BCD1FD8860BC}"
EndProject
Project("{FAE04EC0-301F-11D3-BF4B-00C04F79EFBC}") = "Hangfire_Utilities", "Hangfire_Utilities\Hangfire_Utilities.csproj", "{0301A50D-59F1-4685-A7D7-F5E9BA087B9E}"
EndProject
Global
	GlobalSection(SolutionConfigurationPlatforms) = preSolution
		Debug|Any CPU = Debug|Any CPU
		Release|Any CPU = Release|Any CPU
	EndGlobalSection
	GlobalSection(ProjectConfigurationPlatforms) = postSolution
		{5D0BDB3C-931C-4008-BEC7-9BBE8620FC2E}.Debug|Any CPU.ActiveCfg = Debug|Any CPU
		{5D0BDB3C-931C-4008-BEC7-9BBE8620FC2E}.Debug|Any CPU.Build.0 = Debug|Any CPU
		{5D0BDB3C-931C-4008-BEC7-9BBE8620FC2E}.Release|Any CPU.ActiveCfg = Release|Any CPU
		{5D0BDB3C-931C-4008-BEC7-9BBE8620FC2E}.Release|Any CPU.Build.0 = Release|Any CPU
		{65AE8301-99AD-4270-8605-B67385EF55F3}.Debug|Any CPU.ActiveCfg = Debug|Any CPU
		{65AE8301-99AD-4270-8605-B67385EF55F3}.Debug|Any CPU.Build.0 = Debug|Any CPU
		{65AE8301-99AD-4270-8605-B67385EF55F3}.Release|Any CPU.ActiveCfg = Release|Any CPU
		{65AE8301-99AD-4270-8605-B67385EF55F3}.Release|Any CPU.Build.0 = Release|Any CPU
		{3A97F2DA-7824-467F-A78C-4E294D1496C4}.Debug|Any CPU.ActiveCfg = Debug|Any CPU
		{3A97F2DA-7824-467F-A78C-4E294D1496C4}.Debug|Any CPU.Build.0 = Debug|Any CPU
		{3A97F2DA-7824-467F-A78C-4E294D1496C4}.Release|Any CPU.ActiveCfg = Release|Any CPU
		{3A97F2DA-7824-467F-A78C-4E294D1496C4}.Release|Any CPU.Build.0 = Release|Any CPU
		{97207750-6972-232F-BB7B-6106666106AF}.Debug|Any CPU.ActiveCfg = Debug|Any CPU
		{97207750-6972-232F-BB7B-6106666106AF}.Debug|Any CPU.Build.0 = Debug|Any CPU
		{97207750-6972-232F-BB7B-6106666106AF}.Release|Any CPU.ActiveCfg = Release|Any CPU
		{97207750-6972-232F-BB7B-6106666106AF}.Release|Any CPU.Build.0 = Release|Any CPU
		{FD8F8167-DF45-443E-B772-79A52C4BBB8E}.Debug|Any CPU.ActiveCfg = Debug|Any CPU
		{FD8F8167-DF45-443E-B772-79A52C4BBB8E}.Debug|Any CPU.Build.0 = Debug|Any CPU
		{FD8F8167-DF45-443E-B772-79A52C4BBB8E}.Release|Any CPU.ActiveCfg = Release|Any CPU
		{FD8F8167-DF45-443E-B772-79A52C4BBB8E}.Release|Any CPU.Build.0 = Release|Any CPU
		{2EF08C74-AAE4-4344-B983-A699CE6ABBA9}.Debug|Any CPU.ActiveCfg = Debug|Any CPU
		{2EF08C74-AAE4-4344-B983-A699CE6ABBA9}.Debug|Any CPU.Build.0 = Debug|Any CPU
		{2EF08C74-AAE4-4344-B983-A699CE6ABBA9}.Release|Any CPU.ActiveCfg = Release|Any CPU
		{2EF08C74-AAE4-4344-B983-A699CE6ABBA9}.Release|Any CPU.Build.0 = Release|Any CPU
		{6D629D18-4089-4138-B04C-157A3A055A5D}.Debug|Any CPU.ActiveCfg = Debug|Any CPU
		{6D629D18-4089-4138-B04C-157A3A055A5D}.Debug|Any CPU.Build.0 = Debug|Any CPU
		{6D629D18-4089-4138-B04C-157A3A055A5D}.Release|Any CPU.ActiveCfg = Release|Any CPU
		{6D629D18-4089-4138-B04C-157A3A055A5D}.Release|Any CPU.Build.0 = Release|Any CPU
		{723CC3EC-9F75-49D5-BF62-9239F482FB08}.Debug|Any CPU.ActiveCfg = Debug|Any CPU
		{723CC3EC-9F75-49D5-BF62-9239F482FB08}.Debug|Any CPU.Build.0 = Debug|Any CPU
		{723CC3EC-9F75-49D5-BF62-9239F482FB08}.Release|Any CPU.ActiveCfg = Release|Any CPU
		{723CC3EC-9F75-49D5-BF62-9239F482FB08}.Release|Any CPU.Build.0 = Release|Any CPU
		{F26A11E0-EE8B-44BC-87C6-BCD1FD8860BC}.Debug|Any CPU.ActiveCfg = Debug|Any CPU
		{F26A11E0-EE8B-44BC-87C6-BCD1FD8860BC}.Debug|Any CPU.Build.0 = Debug|Any CPU
		{F26A11E0-EE8B-44BC-87C6-BCD1FD8860BC}.Release|Any CPU.ActiveCfg = Release|Any CPU
		{F26A11E0-EE8B-44BC-87C6-BCD1FD8860BC}.Release|Any CPU.Build.0 = Release|Any CPU
		{0301A50D-59F1-4685-A7D7-F5E9BA087B9E}.Debug|Any CPU.ActiveCfg = Debug|Any CPU
		{0301A50D-59F1-4685-A7D7-F5E9BA087B9E}.Debug|Any CPU.Build.0 = Debug|Any CPU
		{0301A50D-59F1-4685-A7D7-F5E9BA087B9E}.Release|Any CPU.ActiveCfg = Release|Any CPU
		{0301A50D-59F1-4685-A7D7-F5E9BA087B9E}.Release|Any CPU.Build.0 = Release|Any CPU
	EndGlobalSection
	GlobalSection(SolutionProperties) = preSolution
		HideSolutionNode = FALSE
	EndGlobalSection
	GlobalSection(NestedProjects) = preSolution
		{5D0BDB3C-931C-4008-BEC7-9BBE8620FC2E} = {02EA681E-C7D8-13C7-8484-4AC65E1B71E8}
		{65AE8301-99AD-4270-8605-B67385EF55F3} = {A0A04B44-47AC-4813-900B-176CC4CD102A}
		{3A97F2DA-7824-467F-A78C-4E294D1496C4} = {99CA6CFA-E52E-4F79-B111-CEF7B51FE480}
		{97207750-6972-232F-BB7B-6106666106AF} = {F1580552-0AE5-41E6-8F78-A734466696B7}
		{02EA681E-C7D8-13C7-8484-4AC65E1B71E8} = {B56DD23F-591D-4BDC-8F82-AE617A9FC705}
		{F1580552-0AE5-41E6-8F78-A734466696B7} = {B56DD23F-591D-4BDC-8F82-AE617A9FC705}
		{FD8F8167-DF45-443E-B772-79A52C4BBB8E} = {99CA6CFA-E52E-4F79-B111-CEF7B51FE480}
		{A0A04B44-47AC-4813-900B-176CC4CD102A} = {B56DD23F-591D-4BDC-8F82-AE617A9FC705}
		{99CA6CFA-E52E-4F79-B111-CEF7B51FE480} = {B56DD23F-591D-4BDC-8F82-AE617A9FC705}
		{2EF08C74-AAE4-4344-B983-A699CE6ABBA9} = {A07FF3C5-C6A0-49A4-8D47-9D127AC35A8C}
		{A07FF3C5-C6A0-49A4-8D47-9D127AC35A8C} = {5DF2C4F5-9EE7-4630-9B2F-2CE02D209EA6}
		{A3CDAF9C-82F3-48D6-87B5-B660B12152FC} = {5DF2C4F5-9EE7-4630-9B2F-2CE02D209EA6}
		{6D629D18-4089-4138-B04C-157A3A055A5D} = {A3CDAF9C-82F3-48D6-87B5-B660B12152FC}
		{F9CE5D3B-9CED-400F-9F7C-97D69CBAD033} = {5DF2C4F5-9EE7-4630-9B2F-2CE02D209EA6}
		{723CC3EC-9F75-49D5-BF62-9239F482FB08} = {F9CE5D3B-9CED-400F-9F7C-97D69CBAD033}
		{01119594-408F-45D1-9873-2E75D09ADEEB} = {5DF2C4F5-9EE7-4630-9B2F-2CE02D209EA6}
		{F26A11E0-EE8B-44BC-87C6-BCD1FD8860BC} = {01119594-408F-45D1-9873-2E75D09ADEEB}
		{0301A50D-59F1-4685-A7D7-F5E9BA087B9E} = {A3CDAF9C-82F3-48D6-87B5-B660B12152FC}
	EndGlobalSection
	GlobalSection(ExtensibilityGlobals) = postSolution
		SolutionGuid = {E164FC08-74C4-445A-A3A5-A6972E204C07}
	EndGlobalSection
EndGlobal
