
Microsoft Visual Studio Solution File, Format Version 12.00
# Visual Studio Version 17
VisualStudioVersion = 17.13.35828.75
MinimumVisualStudioVersion = 10.0.40219.1
Project("{2150E333-8FDC-42A3-9474-1A3956D46DE8}") = "1.Interface", "1.Interface", "{02EA681E-C7D8-13C7-8484-4AC65E1B71E8}"
EndProject
Project("{2150E333-8FDC-42A3-9474-1A3956D46DE8}") = "2.Application", "2.Application", "{F1580552-0AE5-41E6-8F78-A734466696B7}"
EndProject
Project("{2150E333-8FDC-42A3-9474-1A3956D46DE8}") = "3.Domain", "3.Domain", "{A0A04B44-47AC-4813-900B-176CC4CD102A}"
EndProject
Project("{2150E333-8FDC-42A3-9474-1A3956D46DE8}") = "4.Infrastructure", "4.Infrastructure", "{99CA6CFA-E52E-4F79-B111-CEF7B51FE480}"
EndProject
Project("{2150E333-8FDC-42A3-9474-1A3956D46DE8}") = "2.API", "2.API", "{B56DD23F-591D-4BDC-8F82-AE617A9FC705}"
EndProject
Project("{2150E333-8FDC-42A3-9474-1A3956D46DE8}") = "1.HangfireServer", "1.HangfireServer", "{5DF2C4F5-9EE7-4630-9B2F-2CE02D209EA6}"
EndProject
Project("{2150E333-8FDC-42A3-9474-1A3956D46DE8}") = "1.Interface", "1.Interface", "{A07FF3C5-C6A0-49A4-8D47-9D127AC35A8C}"
EndProject
Project("{2150E333-8FDC-42A3-9474-1A3956D46DE8}") = "4.infrastructure", "4.infrastructure", "{A3CDAF9C-82F3-48D6-87B5-B660B12152FC}"
EndProject
Project("{2150E333-8FDC-42A3-9474-1A3956D46DE8}") = "3.Domain", "3.Domain", "{F9CE5D3B-9CED-400F-9F7C-97D69CBAD033}"
EndProject
Project("{2150E333-8FDC-42A3-9474-1A3956D46DE8}") = "2.Application", "2.Application", "{01119594-408F-45D1-9873-2E75D09ADEEB}"
EndProject
Project("{FAE04EC0-301F-11D3-BF4B-00C04F79EFBC}") = "Hangfire", "1.HangfireServer\Hangfire\Hangfire.csproj", "{94089FE7-E646-AD26-C212-BE27D816C59A}"
EndProject
Project("{FAE04EC0-301F-11D3-BF4B-00C04F79EFBC}") = "Hangfire_Servies", "1.HangfireServer\Hangfire_Servies\Hangfire_Servies.csproj", "{EC41829F-1F8C-4FF3-3C6A-6214C4F3334E}"
EndProject
Project("{FAE04EC0-301F-11D3-BF4B-00C04F79EFBC}") = "Hangfire_Repository", "1.HangfireServer\Hangfire_Repository\Hangfire_Repository.csproj", "{EEC806D0-79FE-619B-F932-DD5F0A91593C}"
EndProject
Project("{FAE04EC0-301F-11D3-BF4B-00C04F79EFBC}") = "Hangfire_Utilities", "1.HangfireServer\Hangfire_Utilities\Hangfire_Utilities.csproj", "{5CA957AC-7EEA-7DE7-93D9-982C307FE9CE}"
EndProject
Project("{FAE04EC0-301F-11D3-BF4B-00C04F79EFBC}") = "Hangfire_Models", "1.HangfireServer\Hangfire_Models\Hangfire_Models.csproj", "{6CC3C6EA-9BE8-20C2-7C32-D4EBD73A466E}"
EndProject
Project("{FAE04EC0-301F-11D3-BF4B-00C04F79EFBC}") = "WebApi", "2.API\Monitor_Job\WebApi.csproj", "{EBF53B33-3A6D-04EF-0C39-B03E8075ED33}"
EndProject
Project("{FAE04EC0-301F-11D3-BF4B-00C04F79EFBC}") = "Services", "2.API\Services\Services.csproj", "{710E7D7E-1225-AB24-94FA-B085E7A34E64}"
EndProject
Project("{FAE04EC0-301F-11D3-BF4B-00C04F79EFBC}") = "Repository", "2.API\Repository\Repository.csproj", "{9D614C39-DA72-BEC5-2318-5D1786498A4A}"
EndProject
Project("{FAE04EC0-301F-11D3-BF4B-00C04F79EFBC}") = "Utilities", "2.API\Utilities\Utilities.csproj", "{3BAAF124-CBFC-96B9-5B6C-F5D2B85AB032}"
EndProject
Project("{FAE04EC0-301F-11D3-BF4B-00C04F79EFBC}") = "Models", "2.API\Models\Models.csproj", "{E7FA53F3-BABF-3A07-F55D-A304BB67D581}"
EndProject
Global
	GlobalSection(SolutionConfigurationPlatforms) = preSolution
		Debug|Any CPU = Debug|Any CPU
		Release|Any CPU = Release|Any CPU
	EndGlobalSection
	GlobalSection(ProjectConfigurationPlatforms) = postSolution
		{94089FE7-E646-AD26-C212-BE27D816C59A}.Debug|Any CPU.ActiveCfg = Debug|Any CPU
		{94089FE7-E646-AD26-C212-BE27D816C59A}.Debug|Any CPU.Build.0 = Debug|Any CPU
		{94089FE7-E646-AD26-C212-BE27D816C59A}.Release|Any CPU.ActiveCfg = Release|Any CPU
		{94089FE7-E646-AD26-C212-BE27D816C59A}.Release|Any CPU.Build.0 = Release|Any CPU
		{EC41829F-1F8C-4FF3-3C6A-6214C4F3334E}.Debug|Any CPU.ActiveCfg = Debug|Any CPU
		{EC41829F-1F8C-4FF3-3C6A-6214C4F3334E}.Debug|Any CPU.Build.0 = Debug|Any CPU
		{EC41829F-1F8C-4FF3-3C6A-6214C4F3334E}.Release|Any CPU.ActiveCfg = Release|Any CPU
		{EC41829F-1F8C-4FF3-3C6A-6214C4F3334E}.Release|Any CPU.Build.0 = Release|Any CPU
		{EEC806D0-79FE-619B-F932-DD5F0A91593C}.Debug|Any CPU.ActiveCfg = Debug|Any CPU
		{EEC806D0-79FE-619B-F932-DD5F0A91593C}.Debug|Any CPU.Build.0 = Debug|Any CPU
		{EEC806D0-79FE-619B-F932-DD5F0A91593C}.Release|Any CPU.ActiveCfg = Release|Any CPU
		{EEC806D0-79FE-619B-F932-DD5F0A91593C}.Release|Any CPU.Build.0 = Release|Any CPU
		{5CA957AC-7EEA-7DE7-93D9-982C307FE9CE}.Debug|Any CPU.ActiveCfg = Debug|Any CPU
		{5CA957AC-7EEA-7DE7-93D9-982C307FE9CE}.Debug|Any CPU.Build.0 = Debug|Any CPU
		{5CA957AC-7EEA-7DE7-93D9-982C307FE9CE}.Release|Any CPU.ActiveCfg = Release|Any CPU
		{5CA957AC-7EEA-7DE7-93D9-982C307FE9CE}.Release|Any CPU.Build.0 = Release|Any CPU
		{6CC3C6EA-9BE8-20C2-7C32-D4EBD73A466E}.Debug|Any CPU.ActiveCfg = Debug|Any CPU
		{6CC3C6EA-9BE8-20C2-7C32-D4EBD73A466E}.Debug|Any CPU.Build.0 = Debug|Any CPU
		{6CC3C6EA-9BE8-20C2-7C32-D4EBD73A466E}.Release|Any CPU.ActiveCfg = Release|Any CPU
		{6CC3C6EA-9BE8-20C2-7C32-D4EBD73A466E}.Release|Any CPU.Build.0 = Release|Any CPU
		{EBF53B33-3A6D-04EF-0C39-B03E8075ED33}.Debug|Any CPU.ActiveCfg = Debug|Any CPU
		{EBF53B33-3A6D-04EF-0C39-B03E8075ED33}.Debug|Any CPU.Build.0 = Debug|Any CPU
		{EBF53B33-3A6D-04EF-0C39-B03E8075ED33}.Release|Any CPU.ActiveCfg = Release|Any CPU
		{EBF53B33-3A6D-04EF-0C39-B03E8075ED33}.Release|Any CPU.Build.0 = Release|Any CPU
		{710E7D7E-1225-AB24-94FA-B085E7A34E64}.Debug|Any CPU.ActiveCfg = Debug|Any CPU
		{710E7D7E-1225-AB24-94FA-B085E7A34E64}.Debug|Any CPU.Build.0 = Debug|Any CPU
		{710E7D7E-1225-AB24-94FA-B085E7A34E64}.Release|Any CPU.ActiveCfg = Release|Any CPU
		{710E7D7E-1225-AB24-94FA-B085E7A34E64}.Release|Any CPU.Build.0 = Release|Any CPU
		{9D614C39-DA72-BEC5-2318-5D1786498A4A}.Debug|Any CPU.ActiveCfg = Debug|Any CPU
		{9D614C39-DA72-BEC5-2318-5D1786498A4A}.Debug|Any CPU.Build.0 = Debug|Any CPU
		{9D614C39-DA72-BEC5-2318-5D1786498A4A}.Release|Any CPU.ActiveCfg = Release|Any CPU
		{9D614C39-DA72-BEC5-2318-5D1786498A4A}.Release|Any CPU.Build.0 = Release|Any CPU
		{3BAAF124-CBFC-96B9-5B6C-F5D2B85AB032}.Debug|Any CPU.ActiveCfg = Debug|Any CPU
		{3BAAF124-CBFC-96B9-5B6C-F5D2B85AB032}.Debug|Any CPU.Build.0 = Debug|Any CPU
		{3BAAF124-CBFC-96B9-5B6C-F5D2B85AB032}.Release|Any CPU.ActiveCfg = Release|Any CPU
		{3BAAF124-CBFC-96B9-5B6C-F5D2B85AB032}.Release|Any CPU.Build.0 = Release|Any CPU
		{E7FA53F3-BABF-3A07-F55D-A304BB67D581}.Debug|Any CPU.ActiveCfg = Debug|Any CPU
		{E7FA53F3-BABF-3A07-F55D-A304BB67D581}.Debug|Any CPU.Build.0 = Debug|Any CPU
		{E7FA53F3-BABF-3A07-F55D-A304BB67D581}.Release|Any CPU.ActiveCfg = Release|Any CPU
		{E7FA53F3-BABF-3A07-F55D-A304BB67D581}.Release|Any CPU.Build.0 = Release|Any CPU
	EndGlobalSection
	GlobalSection(SolutionProperties) = preSolution
		HideSolutionNode = FALSE
	EndGlobalSection
	GlobalSection(NestedProjects) = preSolution
		{02EA681E-C7D8-13C7-8484-4AC65E1B71E8} = {B56DD23F-591D-4BDC-8F82-AE617A9FC705}
		{F1580552-0AE5-41E6-8F78-A734466696B7} = {B56DD23F-591D-4BDC-8F82-AE617A9FC705}
		{A0A04B44-47AC-4813-900B-176CC4CD102A} = {B56DD23F-591D-4BDC-8F82-AE617A9FC705}
		{99CA6CFA-E52E-4F79-B111-CEF7B51FE480} = {B56DD23F-591D-4BDC-8F82-AE617A9FC705}
		{A07FF3C5-C6A0-49A4-8D47-9D127AC35A8C} = {5DF2C4F5-9EE7-4630-9B2F-2CE02D209EA6}
		{A3CDAF9C-82F3-48D6-87B5-B660B12152FC} = {5DF2C4F5-9EE7-4630-9B2F-2CE02D209EA6}
		{F9CE5D3B-9CED-400F-9F7C-97D69CBAD033} = {5DF2C4F5-9EE7-4630-9B2F-2CE02D209EA6}
		{01119594-408F-45D1-9873-2E75D09ADEEB} = {5DF2C4F5-9EE7-4630-9B2F-2CE02D209EA6}
		{94089FE7-E646-AD26-C212-BE27D816C59A} = {A07FF3C5-C6A0-49A4-8D47-9D127AC35A8C}
		{EC41829F-1F8C-4FF3-3C6A-6214C4F3334E} = {01119594-408F-45D1-9873-2E75D09ADEEB}
		{EEC806D0-79FE-619B-F932-DD5F0A91593C} = {F9CE5D3B-9CED-400F-9F7C-97D69CBAD033}
		{5CA957AC-7EEA-7DE7-93D9-982C307FE9CE} = {A3CDAF9C-82F3-48D6-87B5-B660B12152FC}
		{6CC3C6EA-9BE8-20C2-7C32-D4EBD73A466E} = {A3CDAF9C-82F3-48D6-87B5-B660B12152FC}
		{EBF53B33-3A6D-04EF-0C39-B03E8075ED33} = {02EA681E-C7D8-13C7-8484-4AC65E1B71E8}
		{710E7D7E-1225-AB24-94FA-B085E7A34E64} = {F1580552-0AE5-41E6-8F78-A734466696B7}
		{9D614C39-DA72-BEC5-2318-5D1786498A4A} = {A0A04B44-47AC-4813-900B-176CC4CD102A}
		{3BAAF124-CBFC-96B9-5B6C-F5D2B85AB032} = {99CA6CFA-E52E-4F79-B111-CEF7B51FE480}
		{E7FA53F3-BABF-3A07-F55D-A304BB67D581} = {99CA6CFA-E52E-4F79-B111-CEF7B51FE480}
	EndGlobalSection
	GlobalSection(ExtensibilityGlobals) = postSolution
		SolutionGuid = {E164FC08-74C4-445A-A3A5-A6972E204C07}
	EndGlobalSection
EndGlobal
